
Microsoft Visual Studio Solution File, Format Version 12.00
# Visual Studio 2012
Project("{FAE04EC0-301F-11D3-BF4B-00C04F79EFBC}") = "PowerTimer", "PowerTimer\PowerTimer.csproj", "{050BBDD9-BD90-40BE-B29E-CC7BC067A961}"
EndProject
Global
	GlobalSection(SolutionConfigurationPlatforms) = preSolution
		Debug|Any CPU = Debug|Any CPU
		Release|Any CPU = Release|Any CPU
	EndGlobalSection
	GlobalSection(ProjectConfigurationPlatforms) = postSolution
		{050BBDD9-BD90-40BE-B29E-CC7BC067A961}.Debug|Any CPU.ActiveCfg = Debug|Any CPU
		{050BBDD9-BD90-40BE-B29E-CC7BC067A961}.Debug|Any CPU.Build.0 = Debug|Any CPU
		{050BBDD9-BD90-40BE-B29E-CC7BC067A961}.Release|Any CPU.ActiveCfg = Release|Any CPU
		{050BBDD9-BD90-40BE-B29E-CC7BC067A961}.Release|Any CPU.Build.0 = Release|Any CPU
	EndGlobalSection
	GlobalSection(SolutionProperties) = preSolution
		HideSolutionNode = FALSE
	EndGlobalSection
EndGlobal
